
Microsoft Visual Studio Solution File, Format Version 12.00
# Visual Studio 15
VisualStudioVersion = 15.0.26124.0
MinimumVisualStudioVersion = 15.0.26124.0
Project("{2150E333-8FDC-42A3-9474-1A3956D46DE8}") = "src", "src", "{D2C6EC91-4B30-45DE-86D7-03C134960632}"
EndProject
Project("{FAE04EC0-301F-11D3-BF4B-00C04F79EFBC}") = "Cubo.Api", "src\Cubo.Api\Cubo.Api.csproj", "{16E17409-F2CB-4370-A27F-E8B60B557D02}"
EndProject
Project("{FAE04EC0-301F-11D3-BF4B-00C04F79EFBC}") = "Cubo.Core", "src\Cubo.Core\Cubo.Core.csproj", "{457A8C73-02EB-43C1-A6B9-111D0A20E7C8}"
EndProject
Project("{2150E333-8FDC-42A3-9474-1A3956D46DE8}") = "tests", "tests", "{45DDAE1E-8910-4A74-A71B-BB60FE0BA0AB}"
EndProject
Project("{FAE04EC0-301F-11D3-BF4B-00C04F79EFBC}") = "Cubo.Tests", "tests\Cubo.Tests\Cubo.Tests.csproj", "{690FA934-9DD4-4348-957F-D68AE96FAABC}"
EndProject
Project("{FAE04EC0-301F-11D3-BF4B-00C04F79EFBC}") = "Cubo.Tests.EndToEnd", "tests\Cubo.Tests.EndToEnd\Cubo.Tests.EndToEnd.csproj", "{1333CE2D-50DB-4035-B6EA-1A10ABB00B36}"
EndProject
Global
	GlobalSection(SolutionConfigurationPlatforms) = preSolution
		Debug|Any CPU = Debug|Any CPU
		Debug|x64 = Debug|x64
		Debug|x86 = Debug|x86
		Release|Any CPU = Release|Any CPU
		Release|x64 = Release|x64
		Release|x86 = Release|x86
	EndGlobalSection
	GlobalSection(SolutionProperties) = preSolution
		HideSolutionNode = FALSE
	EndGlobalSection
	GlobalSection(ProjectConfigurationPlatforms) = postSolution
		{16E17409-F2CB-4370-A27F-E8B60B557D02}.Debug|Any CPU.ActiveCfg = Debug|Any CPU
		{16E17409-F2CB-4370-A27F-E8B60B557D02}.Debug|Any CPU.Build.0 = Debug|Any CPU
		{16E17409-F2CB-4370-A27F-E8B60B557D02}.Debug|x64.ActiveCfg = Debug|Any CPU
		{16E17409-F2CB-4370-A27F-E8B60B557D02}.Debug|x64.Build.0 = Debug|Any CPU
		{16E17409-F2CB-4370-A27F-E8B60B557D02}.Debug|x86.ActiveCfg = Debug|Any CPU
		{16E17409-F2CB-4370-A27F-E8B60B557D02}.Debug|x86.Build.0 = Debug|Any CPU
		{16E17409-F2CB-4370-A27F-E8B60B557D02}.Release|Any CPU.ActiveCfg = Release|Any CPU
		{16E17409-F2CB-4370-A27F-E8B60B557D02}.Release|Any CPU.Build.0 = Release|Any CPU
		{16E17409-F2CB-4370-A27F-E8B60B557D02}.Release|x64.ActiveCfg = Release|Any CPU
		{16E17409-F2CB-4370-A27F-E8B60B557D02}.Release|x64.Build.0 = Release|Any CPU
		{16E17409-F2CB-4370-A27F-E8B60B557D02}.Release|x86.ActiveCfg = Release|Any CPU
		{16E17409-F2CB-4370-A27F-E8B60B557D02}.Release|x86.Build.0 = Release|Any CPU
		{457A8C73-02EB-43C1-A6B9-111D0A20E7C8}.Debug|Any CPU.ActiveCfg = Debug|Any CPU
		{457A8C73-02EB-43C1-A6B9-111D0A20E7C8}.Debug|Any CPU.Build.0 = Debug|Any CPU
		{457A8C73-02EB-43C1-A6B9-111D0A20E7C8}.Debug|x64.ActiveCfg = Debug|Any CPU
		{457A8C73-02EB-43C1-A6B9-111D0A20E7C8}.Debug|x64.Build.0 = Debug|Any CPU
		{457A8C73-02EB-43C1-A6B9-111D0A20E7C8}.Debug|x86.ActiveCfg = Debug|Any CPU
		{457A8C73-02EB-43C1-A6B9-111D0A20E7C8}.Debug|x86.Build.0 = Debug|Any CPU
		{457A8C73-02EB-43C1-A6B9-111D0A20E7C8}.Release|Any CPU.ActiveCfg = Release|Any CPU
		{457A8C73-02EB-43C1-A6B9-111D0A20E7C8}.Release|Any CPU.Build.0 = Release|Any CPU
		{457A8C73-02EB-43C1-A6B9-111D0A20E7C8}.Release|x64.ActiveCfg = Release|Any CPU
		{457A8C73-02EB-43C1-A6B9-111D0A20E7C8}.Release|x64.Build.0 = Release|Any CPU
		{457A8C73-02EB-43C1-A6B9-111D0A20E7C8}.Release|x86.ActiveCfg = Release|Any CPU
		{457A8C73-02EB-43C1-A6B9-111D0A20E7C8}.Release|x86.Build.0 = Release|Any CPU
		{690FA934-9DD4-4348-957F-D68AE96FAABC}.Debug|Any CPU.ActiveCfg = Debug|Any CPU
		{690FA934-9DD4-4348-957F-D68AE96FAABC}.Debug|Any CPU.Build.0 = Debug|Any CPU
		{690FA934-9DD4-4348-957F-D68AE96FAABC}.Debug|x64.ActiveCfg = Debug|Any CPU
		{690FA934-9DD4-4348-957F-D68AE96FAABC}.Debug|x64.Build.0 = Debug|Any CPU
		{690FA934-9DD4-4348-957F-D68AE96FAABC}.Debug|x86.ActiveCfg = Debug|Any CPU
		{690FA934-9DD4-4348-957F-D68AE96FAABC}.Debug|x86.Build.0 = Debug|Any CPU
		{690FA934-9DD4-4348-957F-D68AE96FAABC}.Release|Any CPU.ActiveCfg = Release|Any CPU
		{690FA934-9DD4-4348-957F-D68AE96FAABC}.Release|Any CPU.Build.0 = Release|Any CPU
		{690FA934-9DD4-4348-957F-D68AE96FAABC}.Release|x64.ActiveCfg = Release|Any CPU
		{690FA934-9DD4-4348-957F-D68AE96FAABC}.Release|x64.Build.0 = Release|Any CPU
		{690FA934-9DD4-4348-957F-D68AE96FAABC}.Release|x86.ActiveCfg = Release|Any CPU
		{690FA934-9DD4-4348-957F-D68AE96FAABC}.Release|x86.Build.0 = Release|Any CPU
		{1333CE2D-50DB-4035-B6EA-1A10ABB00B36}.Debug|Any CPU.ActiveCfg = Debug|Any CPU
		{1333CE2D-50DB-4035-B6EA-1A10ABB00B36}.Debug|Any CPU.Build.0 = Debug|Any CPU
		{1333CE2D-50DB-4035-B6EA-1A10ABB00B36}.Debug|x64.ActiveCfg = Debug|Any CPU
		{1333CE2D-50DB-4035-B6EA-1A10ABB00B36}.Debug|x64.Build.0 = Debug|Any CPU
		{1333CE2D-50DB-4035-B6EA-1A10ABB00B36}.Debug|x86.ActiveCfg = Debug|Any CPU
		{1333CE2D-50DB-4035-B6EA-1A10ABB00B36}.Debug|x86.Build.0 = Debug|Any CPU
		{1333CE2D-50DB-4035-B6EA-1A10ABB00B36}.Release|Any CPU.ActiveCfg = Release|Any CPU
		{1333CE2D-50DB-4035-B6EA-1A10ABB00B36}.Release|Any CPU.Build.0 = Release|Any CPU
		{1333CE2D-50DB-4035-B6EA-1A10ABB00B36}.Release|x64.ActiveCfg = Release|Any CPU
		{1333CE2D-50DB-4035-B6EA-1A10ABB00B36}.Release|x64.Build.0 = Release|Any CPU
		{1333CE2D-50DB-4035-B6EA-1A10ABB00B36}.Release|x86.ActiveCfg = Release|Any CPU
		{1333CE2D-50DB-4035-B6EA-1A10ABB00B36}.Release|x86.Build.0 = Release|Any CPU
	EndGlobalSection
	GlobalSection(NestedProjects) = preSolution
		{16E17409-F2CB-4370-A27F-E8B60B557D02} = {D2C6EC91-4B30-45DE-86D7-03C134960632}
		{457A8C73-02EB-43C1-A6B9-111D0A20E7C8} = {D2C6EC91-4B30-45DE-86D7-03C134960632}
		{690FA934-9DD4-4348-957F-D68AE96FAABC} = {45DDAE1E-8910-4A74-A71B-BB60FE0BA0AB}
		{1333CE2D-50DB-4035-B6EA-1A10ABB00B36} = {45DDAE1E-8910-4A74-A71B-BB60FE0BA0AB}
	EndGlobalSection
EndGlobal
